
Microsoft Visual Studio Solution File, Format Version 12.00
# Visual Studio 2013
VisualStudioVersion = 12.0.31101.0
MinimumVisualStudioVersion = 10.0.40219.1
Project("{FAE04EC0-301F-11D3-BF4B-00C04F79EFBC}") = "gamepad-vr-azure", "gamepad-vr-azure\gamepad-vr-azure.csproj", "{BA97F2DE-4B4E-42A8-ABDD-2609210D76B5}"
EndProject
Global
	GlobalSection(SolutionConfigurationPlatforms) = preSolution
		Debug|Any CPU = Debug|Any CPU
		Release|Any CPU = Release|Any CPU
	EndGlobalSection
	GlobalSection(ProjectConfigurationPlatforms) = postSolution
		{BA97F2DE-4B4E-42A8-ABDD-2609210D76B5}.Debug|Any CPU.ActiveCfg = Debug|Any CPU
		{BA97F2DE-4B4E-42A8-ABDD-2609210D76B5}.Debug|Any CPU.Build.0 = Debug|Any CPU
		{BA97F2DE-4B4E-42A8-ABDD-2609210D76B5}.Release|Any CPU.ActiveCfg = Release|Any CPU
		{BA97F2DE-4B4E-42A8-ABDD-2609210D76B5}.Release|Any CPU.Build.0 = Release|Any CPU
	EndGlobalSection
	GlobalSection(SolutionProperties) = preSolution
		HideSolutionNode = FALSE
	EndGlobalSection
EndGlobal
